{
  "name": "Liberia-ecommerce-site",
  "lockfileVersion": 3,
  "requires": true,
  "packages": {
    "": {
      "dependencies": {
        "@stripe/stripe-js": "^9.1.0",
        "stripe": "^22.0.1"
      }
    },
    "node_modules/@stripe/stripe-js": {
      "version": "9.1.0",
      "resolved": "https://registry.npmjs.org/@stripe/stripe-js/-/stripe-js-9.1.0.tgz",
      "integrity": "sha512-v51LoEfZNiNS/5DcarWPCYgn24w4dqwwALR4GTbMW/N0DDzzj4DgYNoixX6PYvpt6uIJMucGUabn/BHhylggIQ==",
      "license": "MIT",
      "engines": {
        "node": ">=12.16"
      }
    },
    "node_modules/stripe": {
      "version": "22.0.1",
      "resolved": "https://registry.npmjs.org/stripe/-/stripe-22.0.1.tgz",
      "integrity": "sha512-Yw764pZ6s8Xu4CtUZdD5uWOkw6gc9xzO9OKylCuj1gMhMDLbyGbDtaPNNSFE4mB6njYSHESYIVbF1iIzUfAl2g==",
      "license": "MIT",
      "engines": {
        "node": ">=18"
      },
      "peerDependencies": {
        "@types/node": ">=18"
      },
      "peerDependenciesMeta": {
        "@types/node": {
          "optional": true
        }
      }
    }
  }
}
